
Microsoft Visual Studio Solution File, Format Version 12.00
# Visual Studio Version 17
VisualStudioVersion = 17.0.32112.339
MinimumVisualStudioVersion = 10.0.40219.1
Project("{FAE04EC0-301F-11D3-BF4B-00C04F79EFBC}") = "Restful", "Restful\Restful.csproj", "{5D1D47F3-A25F-4306-A02B-E68776299FF9}"
EndProject
Global
	GlobalSection(SolutionConfigurationPlatforms) = preSolution
		Debug|Any CPU = Debug|Any CPU
		Release|Any CPU = Release|Any CPU
	EndGlobalSection
	GlobalSection(ProjectConfigurationPlatforms) = postSolution
		{5D1D47F3-A25F-4306-A02B-E68776299FF9}.Debug|Any CPU.ActiveCfg = Debug|Any CPU
		{5D1D47F3-A25F-4306-A02B-E68776299FF9}.Debug|Any CPU.Build.0 = Debug|Any CPU
		{5D1D47F3-A25F-4306-A02B-E68776299FF9}.Release|Any CPU.ActiveCfg = Release|Any CPU
		{5D1D47F3-A25F-4306-A02B-E68776299FF9}.Release|Any CPU.Build.0 = Release|Any CPU
	EndGlobalSection
	GlobalSection(SolutionProperties) = preSolution
		HideSolutionNode = FALSE
	EndGlobalSection
	GlobalSection(ExtensibilityGlobals) = postSolution
		SolutionGuid = {A3DBE537-297D-4876-AAFC-4D5F67B80A51}
	EndGlobalSection
EndGlobal
